<?xml version="1.0" encoding="UTF-8" standalone="yes" ?>
<CodeBlocks_project_file>
	<FileVersion major="1" minor="6" />
	<Project>
		<Option title="UAV Simulator" />
		<Option pch_mode="2" />
		<Option compiler="gcc" />
		<Build>
			<Target title="Debug">
				<Option output="bin/Debug/UAV Simulator" prefix_auto="1" extension_auto="1" />
				<Option working_dir="C:/Program Files (x86)/CodeBlocks/MinGW/bin" />
				<Option object_output="obj/Debug/" />
				<Option type="1" />
				<Option compiler="gcc" />
				<Compiler>
					<Add option="-g" />
				</Compiler>
				<Linker>
					<Add option="-m32" />
					<Add library="C:/Program Files (x86)/CodeBlocks/MinGW/lib/glut32.lib" />
				</Linker>
			</Target>
			<Target title="Release">
				<Option output="bin/Release/UAV Simulator" prefix_auto="1" extension_auto="1" />
				<Option working_dir="C:/Program Files (x86)/CodeBlocks/MinGW/bin" />
				<Option object_output="obj/Release/" />
				<Option type="0" />
				<Option compiler="gcc" />
				<Compiler>
					<Add option="-O2" />
				</Compiler>
				<Linker>
					<Add option="-s" />
				</Linker>
			</Target>
		</Build>
		<Compiler>
			<Add option="-Wall" />
		</Compiler>
		<Linker>
			<Add library="glut32" />
			<Add library="opengl32" />
			<Add library="glu32" />
			<Add library="winmm" />
			<Add library="gdi32" />
			<Add directory="C:/Program Files (x86)/CodeBlocks/MinGW/lib" />
		</Linker>
		<Unit filename="io/XmlUtils.cpp" />
		<Unit filename="io/XmlUtils.hpp" />
		<Unit filename="io/model_importers/FileImporter.hpp" />
		<Unit filename="io/model_importers/X3DFileImporter.cpp" />
		<Unit filename="io/model_importers/X3DFileImporter.hpp" />
		<Unit filename="io/model_importers/X3D/ElementProcessors.cpp" />
		<Unit filename="io/model_importers/X3D/ElementProcessors.hpp" />
		<Unit filename="io/model_importers/X3D/Group.cpp" />
		<Unit filename="io/model_importers/X3D/IndexedFaceSet.cpp" />
		<Unit filename="io/model_importers/X3D/Separator.cpp" />
		<Unit filename="io/model_importers/X3D/Transform.cpp" />
		<Unit filename="lib/TinyXML/tinystr.cpp" />
		<Unit filename="lib/TinyXML/tinystr.h" />
		<Unit filename="lib/TinyXML/tinyxml.cpp" />
		<Unit filename="lib/TinyXML/tinyxml.h" />
		<Unit filename="lib/TinyXML/tinyxmlerror.cpp" />
		<Unit filename="lib/TinyXML/tinyxmlparser.cpp" />
		<Unit filename="main.cpp" />
		<Unit filename="models/GroupNode.cpp" />
		<Unit filename="models/GroupNode.hpp" />
		<Unit filename="models/LeafNode.cpp" />
		<Unit filename="models/LeafNode.hpp" />
		<Unit filename="models/ModelNode.hpp" />
		<Unit filename="models/ParentModelNode.cpp" />
		<Unit filename="models/ParentModelNode.hpp" />
		<Unit filename="models/TransformNode.cpp" />
		<Unit filename="models/TransformNode.hpp" />
		<Unit filename="models/Triangle.cpp" />
		<Unit filename="models/Triangle.hpp" />
		<Unit filename="models/Vertex.cpp" />
		<Unit filename="models/Vertex.hpp" />
		<Unit filename="renderer.cpp" />
		<Unit filename="renderer.hpp" />
		<Extensions>
			<code_completion />
			<envvars />
			<debugger />
		</Extensions>
	</Project>
</CodeBlocks_project_file>
