<?xml version="1.0" encoding="UTF-8" standalone="yes" ?>
<CodeBlocks_project_file>
	<FileVersion major="1" minor="6" />
	<Project>
		<Option title="UAV Simulator" />
		<Option pch_mode="2" />
		<Option compiler="gcc" />
		<Build>
			<Target title="Debug">
				<Option output="bin/Debug/UAV Simulator" prefix_auto="1" extension_auto="1" />
				<Option working_dir="C:/Program Files (x86)/CodeBlocks/MinGW/bin" />
				<Option object_output="obj/Debug/" />
				<Option type="1" />
				<Option compiler="gcc" />
				<Compiler>
					<Add option="-std=c++1z" />
					<Add option="-m64" />
					<Add option="-m32" />
					<Add option="-g" />
					<Add option='&quot;-IC:\Program Files (x86)\CodeBlocks\MinGW\openssl\include&quot;' />
					<Add option='&quot;-IC:\Program Files (x86)\CodeBlocks\MinGW\boost_1_76_0&quot;' />
					<Add option="-D_WIN32_WINNT=0x0601" />
					<Add option="-D_DEBUG" />
				</Compiler>
				<Linker>
					<Add option="-static" />
					<Add option="-m64" />
					<Add option="-m32" />
					<Add library="C:/Program Files (x86)/CodeBlocks/MinGW/boost_1_76_0/stage/lib/libboost_system-vc142-mt-x64-1_76.lib" />
					<Add library="C:/Program Files (x86)/CodeBlocks/MinGW/lib/glut32.lib" />
					<Add library="gdiplus" />
					<Add library="ws2_32" />
					<Add library="C:/Program Files (x86)/CodeBlocks/MinGW/openssl/lib/libssl.lib" />
					<Add library="C:/Program Files (x86)/CodeBlocks/MinGW/openssl/lib/libcrypto.lib" />
					<Add library="C:/Program Files (x86)/CodeBlocks/MinGW/boost_1_76_0/stage/lib/libboost_filesystem-vc142-mt-gd-x64-1_76.lib" />
					<Add library="wsock32" />
					<Add library="ole32" />
				</Linker>
			</Target>
			<Target title="Release">
				<Option output="bin/Release/UAV Simulator" prefix_auto="1" extension_auto="1" />
				<Option working_dir="C:/Program Files (x86)/CodeBlocks/MinGW/bin" />
				<Option object_output="obj/Release/" />
				<Option type="0" />
				<Option compiler="gcc" />
				<Compiler>
					<Add option="-O2" />
					<Add option='&quot;-IC:\Program Files (x86)\CodeBlocks\MinGW\boost_1_76_0&quot;' />
					<Add option='&quot;-IC:\Program Files (x86)\CodeBlocks\MinGW\openssl\include&quot;' />
					<Add option="-D_WIN32_WINNT=0x0601" />
				</Compiler>
				<Linker>
					<Add option="-s" />
					<Add library="C:/Program Files (x86)/CodeBlocks/MinGW/lib/glut32.lib" />
					<Add library="gdiplus" />
					<Add library="ws2_32" />
					<Add library="C:/Program Files (x86)/CodeBlocks/MinGW/boost_1_76_0/stage/lib/libboost_filesystem-vc142-mt-gd-x64-1_76.lib" />
					<Add library="wsock32" />
					<Add library="ole32" />
				</Linker>
			</Target>
		</Build>
		<Compiler>
			<Add option="-Wall" />
		</Compiler>
		<Linker>
			<Add library="glut32" />
			<Add library="opengl32" />
			<Add library="glu32" />
			<Add library="winmm" />
			<Add library="gdi32" />
			<Add directory="C:/Program Files (x86)/CodeBlocks/MinGW/lib" />
		</Linker>
		<Unit filename="deployment/deploymentHelper.cpp" />
		<Unit filename="deployment/deploymentHelper.hpp" />
		<Unit filename="devices/Battery.cpp" />
		<Unit filename="devices/Battery.hpp" />
		<Unit filename="devices/Camera.cpp" />
		<Unit filename="devices/Camera.hpp" />
		<Unit filename="devices/Device.cpp" />
		<Unit filename="devices/Device.hpp" />
		<Unit filename="devices/DeviceJsonSerializer.cpp" />
		<Unit filename="devices/DeviceJsonSerializer.hpp" />
		<Unit filename="devices/Devices.cpp" />
		<Unit filename="devices/Devices.hpp" />
		<Unit filename="devices/IMUSensor.cpp" />
		<Unit filename="devices/IMUSensor.hpp" />
		<Unit filename="devices/PropellerMotor.cpp" />
		<Unit filename="devices/PropellerMotor.hpp" />
		<Unit filename="devices/ServoMotor.cpp" />
		<Unit filename="devices/ServoMotor.hpp" />
		<Unit filename="devices/jsonDeviceFactory.cpp" />
		<Unit filename="devices/jsonDeviceFactory.hpp" />
		<Unit filename="io/Files.cpp" />
		<Unit filename="io/Files.hpp" />
		<Unit filename="io/JsonUtils.cpp" />
		<Unit filename="io/JsonUtils.hpp" />
		<Unit filename="io/XmlUtils.cpp" />
		<Unit filename="io/XmlUtils.hpp" />
		<Unit filename="io/animation_importers/AnimationImporter.hpp" />
		<Unit filename="io/animation_importers/CSVAnimationImporter.cpp" />
		<Unit filename="io/animation_importers/CSVAnimationImporter.hpp" />
		<Unit filename="io/config/UAVSimConfig.cpp" />
		<Unit filename="io/config/UAVSimConfig.hpp" />
		<Unit filename="io/csv/CSVParser.cpp" />
		<Unit filename="io/csv/CSVParser.hpp" />
		<Unit filename="io/model_exporters/FileExporter.cpp" />
		<Unit filename="io/model_exporters/FileExporter.hpp" />
		<Unit filename="io/model_exporters/UAVModelExporter.cpp" />
		<Unit filename="io/model_exporters/UAVModelExporter.hpp" />
		<Unit filename="io/model_exporters/UAVSimBinaryExporter.cpp" />
		<Unit filename="io/model_exporters/UAVSimBinaryExporter.hpp" />
		<Unit filename="io/model_exporters/UAVSimBinaryFileExporter.cpp" />
		<Unit filename="io/model_exporters/UAVSimBinaryFileExporter.hpp" />
		<Unit filename="io/model_importers/CompositeFileImporter.cpp" />
		<Unit filename="io/model_importers/CompositeFileImporter.hpp" />
		<Unit filename="io/model_importers/FileImporter.cpp" />
		<Unit filename="io/model_importers/FileImporter.hpp" />
		<Unit filename="io/model_importers/OBJFileImporter.cpp" />
		<Unit filename="io/model_importers/OBJFileImporter.hpp" />
		<Unit filename="io/model_importers/OFFFileImporter.cpp" />
		<Unit filename="io/model_importers/OFFFileImporter.hpp" />
		<Unit filename="io/model_importers/OSMFileImporter.cpp" />
		<Unit filename="io/model_importers/OSMFileImporter.hpp" />
		<Unit filename="io/model_importers/PLYFileImporter.cpp" />
		<Unit filename="io/model_importers/PLYFileImporter.hpp" />
		<Unit filename="io/model_importers/PLY/PLYDataTypes.cpp" />
		<Unit filename="io/model_importers/PLY/PLYDataTypes.hpp" />
		<Unit filename="io/model_importers/PLY/PLYElement.cpp" />
		<Unit filename="io/model_importers/PLY/PLYElement.hpp" />
		<Unit filename="io/model_importers/PLY/PLYFormat.hpp" />
		<Unit filename="io/model_importers/PLY/PLYHeader.cpp" />
		<Unit filename="io/model_importers/PLY/PLYHeader.hpp" />
		<Unit filename="io/model_importers/PLY/PLYListProperty.cpp" />
		<Unit filename="io/model_importers/PLY/PLYListProperty.hpp" />
		<Unit filename="io/model_importers/PLY/PLYProperty.cpp" />
		<Unit filename="io/model_importers/PLY/PLYProperty.hpp" />
		<Unit filename="io/model_importers/STLFileImporter.cpp" />
		<Unit filename="io/model_importers/STLFileImporter.hpp" />
		<Unit filename="io/model_importers/STL/STLDocument.cpp" />
		<Unit filename="io/model_importers/STL/STLDocument.hpp" />
		<Unit filename="io/model_importers/STL/STLFacet.cpp" />
		<Unit filename="io/model_importers/STL/STLFacet.hpp" />
		<Unit filename="io/model_importers/STL/STLHeader.cpp" />
		<Unit filename="io/model_importers/STL/STLHeader.hpp" />
		<Unit filename="io/model_importers/TRIFileImporter.cpp" />
		<Unit filename="io/model_importers/TRIFileImporter.hpp" />
		<Unit filename="io/model_importers/TRI/TRIDocument.cpp" />
		<Unit filename="io/model_importers/TRI/TRIDocument.hpp" />
		<Unit filename="io/model_importers/TRI/TRITriangle.cpp" />
		<Unit filename="io/model_importers/TRI/TRITriangle.hpp" />
		<Unit filename="io/model_importers/TRI/TRIVertex.cpp" />
		<Unit filename="io/model_importers/TRI/TRIVertex.hpp" />
		<Unit filename="io/model_importers/UAVSimBinaryFileImporter.cpp" />
		<Unit filename="io/model_importers/UAVSimBinaryFileImporter.hpp" />
		<Unit filename="io/model_importers/WRLFileImporter.cpp" />
		<Unit filename="io/model_importers/WRLFileImporter.hpp" />
		<Unit filename="io/model_importers/WRL/InvalidVRMLElementNameException.cpp" />
		<Unit filename="io/model_importers/WRL/WRLScanTokens.cpp" />
		<Unit filename="io/model_importers/WRL/WRLScanTokens.hpp" />
		<Unit filename="io/model_importers/WRL/WRLUtils.cpp" />
		<Unit filename="io/model_importers/WRL/WRLUtils.hpp" />
		<Unit filename="io/model_importers/X3DFileImporter.cpp" />
		<Unit filename="io/model_importers/X3DFileImporter.hpp" />
		<Unit filename="io/model_importers/X3D/ElementProcessors.cpp" />
		<Unit filename="io/model_importers/X3D/ElementProcessors.hpp" />
		<Unit filename="io/model_importers/X3D/Group.cpp" />
		<Unit filename="io/model_importers/X3D/IndexedFaceSet.cpp" />
		<Unit filename="io/model_importers/X3D/Separator.cpp" />
		<Unit filename="io/model_importers/X3D/Transform.cpp" />
		<Unit filename="io/networking/HTTPDownloader.cpp" />
		<Unit filename="io/networking/HTTPDownloader.hpp" />
		<Unit filename="io/networking/HTTPServer.cpp" />
		<Unit filename="io/networking/HTTPServer.hpp" />
		<Unit filename="io/networking/browserLauncher.cpp" />
		<Unit filename="io/networking/browserLauncher.hpp" />
		<Unit filename="io/networking/http_server/animation_api_handlers.cpp" />
		<Unit filename="io/networking/http_server/animation_api_handlers.hpp" />
		<Unit filename="io/networking/http_server/api_handlers.cpp" />
		<Unit filename="io/networking/http_server/api_handlers.hpp" />
		<Unit filename="io/networking/http_server/device_api_handlers.cpp" />
		<Unit filename="io/networking/http_server/device_api_handlers.hpp" />
		<Unit filename="io/networking/http_server/fail.cpp" />
		<Unit filename="io/networking/http_server/fail.hpp" />
		<Unit filename="io/networking/http_server/listener.cpp" />
		<Unit filename="io/networking/http_server/listener.hpp" />
		<Unit filename="io/networking/http_server/mime_types.cpp" />
		<Unit filename="io/networking/http_server/mime_types.hpp" />
		<Unit filename="io/networking/http_server/path_cat.cpp" />
		<Unit filename="io/networking/http_server/path_cat.hpp" />
		<Unit filename="io/networking/http_server/physics_api_handlers.cpp" />
		<Unit filename="io/networking/http_server/physics_api_handlers.hpp" />
		<Unit filename="io/networking/http_server/session.cpp" />
		<Unit filename="io/networking/http_server/session.hpp" />
		<Unit filename="io/screenshots/bitmapBlender.cpp" />
		<Unit filename="io/screenshots/bitmapBlender.hpp" />
		<Unit filename="io/screenshots/screenshots.cpp" />
		<Unit filename="io/screenshots/screenshots.hpp" />
		<Unit filename="io/stringUtils.cpp" />
		<Unit filename="io/stringUtils.hpp" />
		<Unit filename="lib/SharedQueue/SharedQueue.cpp" />
		<Unit filename="lib/SharedQueue/SharedQueue.hpp" />
		<Unit filename="lib/TinyXML/tinystr.cpp" />
		<Unit filename="lib/TinyXML/tinystr.h" />
		<Unit filename="lib/TinyXML/tinyxml.cpp" />
		<Unit filename="lib/TinyXML/tinyxml.h" />
		<Unit filename="lib/TinyXML/tinyxmlerror.cpp" />
		<Unit filename="lib/TinyXML/tinyxmlparser.cpp" />
		<Unit filename="lib/rapidjson/allocators.h" />
		<Unit filename="lib/rapidjson/cursorstreamwrapper.h" />
		<Unit filename="lib/rapidjson/document.h" />
		<Unit filename="lib/rapidjson/encodedstream.h" />
		<Unit filename="lib/rapidjson/encodings.h" />
		<Unit filename="lib/rapidjson/error/en.h" />
		<Unit filename="lib/rapidjson/error/error.h" />
		<Unit filename="lib/rapidjson/filereadstream.h" />
		<Unit filename="lib/rapidjson/filewritestream.h" />
		<Unit filename="lib/rapidjson/fwd.h" />
		<Unit filename="lib/rapidjson/internal/biginteger.h" />
		<Unit filename="lib/rapidjson/internal/clzll.h" />
		<Unit filename="lib/rapidjson/internal/diyfp.h" />
		<Unit filename="lib/rapidjson/internal/dtoa.h" />
		<Unit filename="lib/rapidjson/internal/ieee754.h" />
		<Unit filename="lib/rapidjson/internal/itoa.h" />
		<Unit filename="lib/rapidjson/internal/meta.h" />
		<Unit filename="lib/rapidjson/internal/pow10.h" />
		<Unit filename="lib/rapidjson/internal/regex.h" />
		<Unit filename="lib/rapidjson/internal/stack.h" />
		<Unit filename="lib/rapidjson/internal/strfunc.h" />
		<Unit filename="lib/rapidjson/internal/strtod.h" />
		<Unit filename="lib/rapidjson/internal/swap.h" />
		<Unit filename="lib/rapidjson/istreamwrapper.h" />
		<Unit filename="lib/rapidjson/memorybuffer.h" />
		<Unit filename="lib/rapidjson/memorystream.h" />
		<Unit filename="lib/rapidjson/msinttypes/inttypes.h" />
		<Unit filename="lib/rapidjson/msinttypes/stdint.h" />
		<Unit filename="lib/rapidjson/ostreamwrapper.h" />
		<Unit filename="lib/rapidjson/pointer.h" />
		<Unit filename="lib/rapidjson/prettywriter.h" />
		<Unit filename="lib/rapidjson/rapidjson.h" />
		<Unit filename="lib/rapidjson/reader.h" />
		<Unit filename="lib/rapidjson/schema.h" />
		<Unit filename="lib/rapidjson/stream.h" />
		<Unit filename="lib/rapidjson/stringbuffer.h" />
		<Unit filename="lib/rapidjson/writer.h" />
		<Unit filename="main.cpp" />
		<Unit filename="models/Colour.cpp" />
		<Unit filename="models/Colour.hpp" />
		<Unit filename="models/ColouredTriangleSet.cpp" />
		<Unit filename="models/ColouredTriangleSet.hpp" />
		<Unit filename="models/Ground.cpp" />
		<Unit filename="models/Ground.hpp" />
		<Unit filename="models/GroupNode.cpp" />
		<Unit filename="models/GroupNode.hpp" />
		<Unit filename="models/LeafNode.cpp" />
		<Unit filename="models/LeafNode.hpp" />
		<Unit filename="models/ModelNode.cpp" />
		<Unit filename="models/ModelNode.hpp" />
		<Unit filename="models/ParentModelNode.cpp" />
		<Unit filename="models/ParentModelNode.hpp" />
		<Unit filename="models/Sky.cpp" />
		<Unit filename="models/Sky.hpp" />
		<Unit filename="models/Texture.cpp" />
		<Unit filename="models/Texture.hpp" />
		<Unit filename="models/TransformNode.cpp" />
		<Unit filename="models/TransformNode.hpp" />
		<Unit filename="models/Triangle.cpp" />
		<Unit filename="models/Triangle.hpp" />
		<Unit filename="models/UAV.cpp" />
		<Unit filename="models/UAV.hpp" />
		<Unit filename="models/UAVModel.cpp" />
		<Unit filename="models/UAVModel.hpp" />
		<Unit filename="models/Vector3D.cpp" />
		<Unit filename="models/Vector3D.hpp" />
		<Unit filename="models/Vertex.cpp" />
		<Unit filename="models/Vertex.hpp" />
		<Unit filename="models/animation/Animation.hpp" />
		<Unit filename="models/animation/AnimationProcessor.cpp" />
		<Unit filename="models/animation/AnimationProcessor.hpp" />
		<Unit filename="models/animation/AnimationSettings.cpp" />
		<Unit filename="models/animation/AnimationSettings.hpp" />
		<Unit filename="models/animation/AnimationState.cpp" />
		<Unit filename="models/animation/AnimationState.hpp" />
		<Unit filename="models/animation/AnimationStateKey.cpp" />
		<Unit filename="models/animation/AnimationStateKey.hpp" />
		<Unit filename="models/animation/DefaultAnimation.cpp" />
		<Unit filename="models/animation/DefaultAnimation.hpp" />
		<Unit filename="models/animation/StateSequenceAnimation.cpp" />
		<Unit filename="models/animation/StateSequenceAnimation.hpp" />
		<Unit filename="models/animation/TriangleSetAnimationProperties.cpp" />
		<Unit filename="models/animation/TriangleSetAnimationProperties.hpp" />
		<Unit filename="models/animation/ffmpeg.cpp" />
		<Unit filename="models/animation/ffmpeg.hpp" />
		<Unit filename="models/generators/MeshGenerator.hpp" />
		<Unit filename="models/generators/Tree.cpp" />
		<Unit filename="models/generators/Tree.hpp" />
		<Unit filename="models/triangle_filters/CubeVertexFilter.cpp" />
		<Unit filename="models/triangle_filters/CubeVertexFilter.hpp" />
		<Unit filename="models/triangle_filters/CylinderVertexFilter.cpp" />
		<Unit filename="models/triangle_filters/CylinderVertexFilter.hpp" />
		<Unit filename="models/triangle_filters/IntersectionVertexFilter.cpp" />
		<Unit filename="models/triangle_filters/IntersectionVertexFilter.hpp" />
		<Unit filename="models/triangle_filters/SphereVertexFilter.cpp" />
		<Unit filename="models/triangle_filters/SphereVertexFilter.hpp" />
		<Unit filename="models/triangle_filters/TriangleFilter.cpp" />
		<Unit filename="models/triangle_filters/TriangleFilter.hpp" />
		<Unit filename="models/triangle_filters/TriangleFilterFactory.cpp" />
		<Unit filename="models/triangle_filters/TriangleFilterFactory.hpp" />
		<Unit filename="models/triangle_filters/UnionVertexFilter.cpp" />
		<Unit filename="models/triangle_filters/UnionVertexFilter.hpp" />
		<Unit filename="models/triangle_filters/VertexFilter.cpp" />
		<Unit filename="models/triangle_filters/VertexFilter.hpp" />
		<Unit filename="physics/PhysicalStateJsonSerializer.cpp" />
		<Unit filename="physics/PhysicalStateJsonSerializer.hpp" />
		<Unit filename="physics/PropellerMotorPhysicalState.cpp" />
		<Unit filename="physics/PropellerMotorPhysicalState.hpp" />
		<Unit filename="physics/UAVPhysicalState.cpp" />
		<Unit filename="physics/UAVPhysicalState.hpp" />
		<Unit filename="physics/jsonPhysicalStateLoader.cpp" />
		<Unit filename="physics/jsonPhysicalStateLoader.hpp" />
		<Unit filename="renderer.cpp" />
		<Unit filename="renderer.hpp" />
		<Unit filename="tests/UnitTest.cpp" />
		<Unit filename="tests/UnitTest.hpp" />
		<Unit filename="tests/UnitTests.cpp" />
		<Unit filename="tests/UnitTests.hpp" />
		<Unit filename="tests/devices/PropellerMotorTest.cpp" />
		<Unit filename="tests/devices/PropellerMotorTest.hpp" />
		<Unit filename="tests/io/FilesTest.cpp" />
		<Unit filename="tests/io/FilesTest.hpp" />
		<Unit filename="tests/io/JsonUtilsTest.cpp" />
		<Unit filename="tests/io/JsonUtilsTest.hpp" />
		<Unit filename="tests/io/PhysicsAPITest.cpp" />
		<Unit filename="tests/io/PhysicsAPITest.hpp" />
		<Unit filename="tests/models/AnimationStateTest.cpp" />
		<Unit filename="tests/models/AnimationStateTest.hpp" />
		<Unit filename="tests/models/ColourTest.cpp" />
		<Unit filename="tests/models/ColourTest.hpp" />
		<Unit filename="tests/models/TriangleFilterFactoryTest.cpp" />
		<Unit filename="tests/models/TriangleFilterFactoryTest.hpp" />
		<Unit filename="tests/models/TriangleFiltersTest.cpp" />
		<Unit filename="tests/models/TriangleFiltersTest.hpp" />
		<Unit filename="tests/models/TriangleSetAnimationPropertiesTest.cpp" />
		<Unit filename="tests/models/TriangleSetAnimationPropertiesTest.hpp" />
		<Unit filename="tests/models/Vector3DTest.cpp" />
		<Unit filename="tests/models/Vector3DTest.hpp" />
		<Unit filename="tests/physics/JSONPhysicalStateLoaderTest.cpp" />
		<Unit filename="tests/physics/JSONPhysicalStateLoaderTest.hpp" />
		<Unit filename="tests/physics/PropellerMotorPhysicalStateTest.cpp" />
		<Unit filename="tests/physics/PropellerMotorPhysicalStateTest.hpp" />
		<Unit filename="tests/physics/UAVPhysicalStateTest.cpp" />
		<Unit filename="tests/physics/UAVPhysicalStateTest.hpp" />
		<Extensions>
			<code_completion />
			<envvars />
			<debugger />
		</Extensions>
	</Project>
</CodeBlocks_project_file>
